Microsoft Visual Studio Solution File, Format Version 12.00
# Visual Studio 2012
Project("{FAE04EC0-301F-11D3-BF4B-00C04F79EFBC}") = "software 0b10", "software 0b10.csproj", "{7CDEA86F-D6B9-4A1F-A5F9-34639DD9A58D}"
EndProject
Global
	GlobalSection(SolutionConfigurationPlatforms) = preSolution
	Debug|Any CPU = Debug|Any CPU
	ExportDebug|Any CPU = ExportDebug|Any CPU
	ExportRelease|Any CPU = ExportRelease|Any CPU
	EndGlobalSection
	GlobalSection(ProjectConfigurationPlatforms) = postSolution
		{7CDEA86F-D6B9-4A1F-A5F9-34639DD9A58D}.Debug|Any CPU.ActiveCfg = Debug|Any CPU
		{7CDEA86F-D6B9-4A1F-A5F9-34639DD9A58D}.Debug|Any CPU.Build.0 = Debug|Any CPU
		{7CDEA86F-D6B9-4A1F-A5F9-34639DD9A58D}.ExportDebug|Any CPU.ActiveCfg = ExportDebug|Any CPU
		{7CDEA86F-D6B9-4A1F-A5F9-34639DD9A58D}.ExportDebug|Any CPU.Build.0 = ExportDebug|Any CPU
		{7CDEA86F-D6B9-4A1F-A5F9-34639DD9A58D}.ExportRelease|Any CPU.ActiveCfg = ExportRelease|Any CPU
		{7CDEA86F-D6B9-4A1F-A5F9-34639DD9A58D}.ExportRelease|Any CPU.Build.0 = ExportRelease|Any CPU
	EndGlobalSection
EndGlobal
